
Microsoft Visual Studio Solution File, Format Version 12.00
# Visual Studio 15
VisualStudioVersion = 15.0.26124.0
MinimumVisualStudioVersion = 15.0.26124.0
Project("{2150E333-8FDC-42A3-9474-1A3956D46DE8}") = "src", "src", "{96914D53-00E0-4FDF-A4E3-56E4CDA2162A}"
EndProject
Project("{FAE04EC0-301F-11D3-BF4B-00C04F79EFBC}") = "Pamano.Core", "src\Pamano.Core\Pamano.Core.csproj", "{D41130D4-40C5-4BB1-BD5D-B3E7AF05ACF3}"
EndProject
Project("{FAE04EC0-301F-11D3-BF4B-00C04F79EFBC}") = "Pamano.Infrastructure", "src\Pamano.Infrastructure\Pamano.Infrastructure.csproj", "{C486E722-7CDB-4AB8-9F4A-7AD1B63FE735}"
EndProject
Project("{FAE04EC0-301F-11D3-BF4B-00C04F79EFBC}") = "Pamano.Web", "src\Pamano.Web\Pamano.Web.csproj", "{2DEB641A-451B-4A8F-8F2D-A537D7CC3355}"
EndProject
Global
	GlobalSection(SolutionConfigurationPlatforms) = preSolution
		Debug|Any CPU = Debug|Any CPU
		Debug|x64 = Debug|x64
		Debug|x86 = Debug|x86
		Release|Any CPU = Release|Any CPU
		Release|x64 = Release|x64
		Release|x86 = Release|x86
	EndGlobalSection
	GlobalSection(SolutionProperties) = preSolution
		HideSolutionNode = FALSE
	EndGlobalSection
	GlobalSection(ProjectConfigurationPlatforms) = postSolution
		{D41130D4-40C5-4BB1-BD5D-B3E7AF05ACF3}.Debug|Any CPU.ActiveCfg = Debug|Any CPU
		{D41130D4-40C5-4BB1-BD5D-B3E7AF05ACF3}.Debug|Any CPU.Build.0 = Debug|Any CPU
		{D41130D4-40C5-4BB1-BD5D-B3E7AF05ACF3}.Debug|x64.ActiveCfg = Debug|Any CPU
		{D41130D4-40C5-4BB1-BD5D-B3E7AF05ACF3}.Debug|x64.Build.0 = Debug|Any CPU
		{D41130D4-40C5-4BB1-BD5D-B3E7AF05ACF3}.Debug|x86.ActiveCfg = Debug|Any CPU
		{D41130D4-40C5-4BB1-BD5D-B3E7AF05ACF3}.Debug|x86.Build.0 = Debug|Any CPU
		{D41130D4-40C5-4BB1-BD5D-B3E7AF05ACF3}.Release|Any CPU.ActiveCfg = Release|Any CPU
		{D41130D4-40C5-4BB1-BD5D-B3E7AF05ACF3}.Release|Any CPU.Build.0 = Release|Any CPU
		{D41130D4-40C5-4BB1-BD5D-B3E7AF05ACF3}.Release|x64.ActiveCfg = Release|Any CPU
		{D41130D4-40C5-4BB1-BD5D-B3E7AF05ACF3}.Release|x64.Build.0 = Release|Any CPU
		{D41130D4-40C5-4BB1-BD5D-B3E7AF05ACF3}.Release|x86.ActiveCfg = Release|Any CPU
		{D41130D4-40C5-4BB1-BD5D-B3E7AF05ACF3}.Release|x86.Build.0 = Release|Any CPU
		{C486E722-7CDB-4AB8-9F4A-7AD1B63FE735}.Debug|Any CPU.ActiveCfg = Debug|Any CPU
		{C486E722-7CDB-4AB8-9F4A-7AD1B63FE735}.Debug|Any CPU.Build.0 = Debug|Any CPU
		{C486E722-7CDB-4AB8-9F4A-7AD1B63FE735}.Debug|x64.ActiveCfg = Debug|Any CPU
		{C486E722-7CDB-4AB8-9F4A-7AD1B63FE735}.Debug|x64.Build.0 = Debug|Any CPU
		{C486E722-7CDB-4AB8-9F4A-7AD1B63FE735}.Debug|x86.ActiveCfg = Debug|Any CPU
		{C486E722-7CDB-4AB8-9F4A-7AD1B63FE735}.Debug|x86.Build.0 = Debug|Any CPU
		{C486E722-7CDB-4AB8-9F4A-7AD1B63FE735}.Release|Any CPU.ActiveCfg = Release|Any CPU
		{C486E722-7CDB-4AB8-9F4A-7AD1B63FE735}.Release|Any CPU.Build.0 = Release|Any CPU
		{C486E722-7CDB-4AB8-9F4A-7AD1B63FE735}.Release|x64.ActiveCfg = Release|Any CPU
		{C486E722-7CDB-4AB8-9F4A-7AD1B63FE735}.Release|x64.Build.0 = Release|Any CPU
		{C486E722-7CDB-4AB8-9F4A-7AD1B63FE735}.Release|x86.ActiveCfg = Release|Any CPU
		{C486E722-7CDB-4AB8-9F4A-7AD1B63FE735}.Release|x86.Build.0 = Release|Any CPU
		{2DEB641A-451B-4A8F-8F2D-A537D7CC3355}.Debug|Any CPU.ActiveCfg = Debug|Any CPU
		{2DEB641A-451B-4A8F-8F2D-A537D7CC3355}.Debug|Any CPU.Build.0 = Debug|Any CPU
		{2DEB641A-451B-4A8F-8F2D-A537D7CC3355}.Debug|x64.ActiveCfg = Debug|Any CPU
		{2DEB641A-451B-4A8F-8F2D-A537D7CC3355}.Debug|x64.Build.0 = Debug|Any CPU
		{2DEB641A-451B-4A8F-8F2D-A537D7CC3355}.Debug|x86.ActiveCfg = Debug|Any CPU
		{2DEB641A-451B-4A8F-8F2D-A537D7CC3355}.Debug|x86.Build.0 = Debug|Any CPU
		{2DEB641A-451B-4A8F-8F2D-A537D7CC3355}.Release|Any CPU.ActiveCfg = Release|Any CPU
		{2DEB641A-451B-4A8F-8F2D-A537D7CC3355}.Release|Any CPU.Build.0 = Release|Any CPU
		{2DEB641A-451B-4A8F-8F2D-A537D7CC3355}.Release|x64.ActiveCfg = Release|Any CPU
		{2DEB641A-451B-4A8F-8F2D-A537D7CC3355}.Release|x64.Build.0 = Release|Any CPU
		{2DEB641A-451B-4A8F-8F2D-A537D7CC3355}.Release|x86.ActiveCfg = Release|Any CPU
		{2DEB641A-451B-4A8F-8F2D-A537D7CC3355}.Release|x86.Build.0 = Release|Any CPU
	EndGlobalSection
	GlobalSection(NestedProjects) = preSolution
		{D41130D4-40C5-4BB1-BD5D-B3E7AF05ACF3} = {96914D53-00E0-4FDF-A4E3-56E4CDA2162A}
		{C486E722-7CDB-4AB8-9F4A-7AD1B63FE735} = {96914D53-00E0-4FDF-A4E3-56E4CDA2162A}
		{2DEB641A-451B-4A8F-8F2D-A537D7CC3355} = {96914D53-00E0-4FDF-A4E3-56E4CDA2162A}
	EndGlobalSection
EndGlobal
